
Microsoft Visual Studio Solution File, Format Version 12.00
# Visual Studio Version 16
VisualStudioVersion = 16.0.33027.164
MinimumVisualStudioVersion = 10.0.40219.1
Project("{FAE04EC0-301F-11D3-BF4B-00C04F79EFBC}") = "TestAPP", "TestAPP.csproj", "{CFCFBC97-9608-4F88-80E8-A05D84AA5679}"
EndProject
Global
	GlobalSection(SolutionConfigurationPlatforms) = preSolution
		Debug|Any CPU = Debug|Any CPU
		Release|Any CPU = Release|Any CPU
	EndGlobalSection
	GlobalSection(ProjectConfigurationPlatforms) = postSolution
		{CFCFBC97-9608-4F88-80E8-A05D84AA5679}.Debug|Any CPU.ActiveCfg = Debug|Any CPU
		{CFCFBC97-9608-4F88-80E8-A05D84AA5679}.Debug|Any CPU.Build.0 = Debug|Any CPU
		{CFCFBC97-9608-4F88-80E8-A05D84AA5679}.Release|Any CPU.ActiveCfg = Release|Any CPU
		{CFCFBC97-9608-4F88-80E8-A05D84AA5679}.Release|Any CPU.Build.0 = Release|Any CPU
	EndGlobalSection
	GlobalSection(SolutionProperties) = preSolution
		HideSolutionNode = FALSE
	EndGlobalSection
	GlobalSection(ExtensibilityGlobals) = postSolution
		SolutionGuid = {FCD30586-7D16-40ED-858F-4490DC3E28E1}
	EndGlobalSection
EndGlobal
